
Microsoft Visual Studio Solution File, Format Version 11.00
# Visual Studio 2010
Project("{8BC9CEB8-8B4A-11D0-8D11-00A0C91BC942}") = "RWDSClient", "RWDSClient\RWDSClient.vcxproj", "{70CEB717-2153-443C-8921-5D95810BBCCB}"
EndProject
Project("{54435603-DBB4-11D2-8724-00A0C9A8B90C}") = "RWDS_Setup", "RWDS_Setup\RWDS_Setup.vdproj", "{86088CA8-ACA1-4141-A28B-1F37842CD1B2}"
EndProject
Global
	GlobalSection(SolutionConfigurationPlatforms) = preSolution
		Debug|Win32 = Debug|Win32
		Release|Win32 = Release|Win32
	EndGlobalSection
	GlobalSection(ProjectConfigurationPlatforms) = postSolution
		{70CEB717-2153-443C-8921-5D95810BBCCB}.Debug|Win32.ActiveCfg = Debug|Win32
		{70CEB717-2153-443C-8921-5D95810BBCCB}.Debug|Win32.Build.0 = Debug|Win32
		{70CEB717-2153-443C-8921-5D95810BBCCB}.Release|Win32.ActiveCfg = Release|Win32
		{70CEB717-2153-443C-8921-5D95810BBCCB}.Release|Win32.Build.0 = Release|Win32
		{86088CA8-ACA1-4141-A28B-1F37842CD1B2}.Debug|Win32.ActiveCfg = Debug
		{86088CA8-ACA1-4141-A28B-1F37842CD1B2}.Debug|Win32.Build.0 = Debug
		{86088CA8-ACA1-4141-A28B-1F37842CD1B2}.Release|Win32.ActiveCfg = Release
		{86088CA8-ACA1-4141-A28B-1F37842CD1B2}.Release|Win32.Build.0 = Release
	EndGlobalSection
	GlobalSection(SolutionProperties) = preSolution
		HideSolutionNode = FALSE
	EndGlobalSection
EndGlobal
