
Microsoft Visual Studio Solution File, Format Version 11.00
# Visual Studio 2010
Project("{8BC9CEB8-8B4A-11D0-8D11-00A0C91BC942}") = "KellService", "KellService\KellService.vcxproj", "{0DA6A5FC-DD43-4E48-8A41-E75E13D80763}"
	ProjectSection(ProjectDependencies) = postProject
		{BB9A06E8-9FC9-4E70-989E-9A2CAD055A04} = {BB9A06E8-9FC9-4E70-989E-9A2CAD055A04}
	EndProjectSection
EndProject
Project("{8BC9CEB8-8B4A-11D0-8D11-00A0C91BC942}") = "LogPluginManager", "LogPluginManager\LogPluginManager.vcxproj", "{BB9A06E8-9FC9-4E70-989E-9A2CAD055A04}"
	ProjectSection(ProjectDependencies) = postProject
		{00E86B80-AC77-4B2E-A0B0-0E4E55A7924F} = {00E86B80-AC77-4B2E-A0B0-0E4E55A7924F}
	EndProjectSection
EndProject
Project("{8BC9CEB8-8B4A-11D0-8D11-00A0C91BC942}") = "LogFileSystem", "LogFileSystem\LogFileSystem.vcxproj", "{00E86B80-AC77-4B2E-A0B0-0E4E55A7924F}"
EndProject
Project("{8BC9CEB8-8B4A-11D0-8D11-00A0C91BC942}") = "DataBaseInterface", "DataBaseInterface\DataBaseInterface.vcxproj", "{3E50BAB5-1CCC-4FA0-B7F1-4C47E8CB2443}"
EndProject
Global
	GlobalSection(SolutionConfigurationPlatforms) = preSolution
		Debug|Win32 = Debug|Win32
		Release|Win32 = Release|Win32
	EndGlobalSection
	GlobalSection(ProjectConfigurationPlatforms) = postSolution
		{0DA6A5FC-DD43-4E48-8A41-E75E13D80763}.Debug|Win32.ActiveCfg = Debug|Win32
		{0DA6A5FC-DD43-4E48-8A41-E75E13D80763}.Debug|Win32.Build.0 = Debug|Win32
		{0DA6A5FC-DD43-4E48-8A41-E75E13D80763}.Release|Win32.ActiveCfg = Release|Win32
		{0DA6A5FC-DD43-4E48-8A41-E75E13D80763}.Release|Win32.Build.0 = Release|Win32
		{BB9A06E8-9FC9-4E70-989E-9A2CAD055A04}.Debug|Win32.ActiveCfg = Debug|Win32
		{BB9A06E8-9FC9-4E70-989E-9A2CAD055A04}.Debug|Win32.Build.0 = Debug|Win32
		{BB9A06E8-9FC9-4E70-989E-9A2CAD055A04}.Release|Win32.ActiveCfg = Release|Win32
		{BB9A06E8-9FC9-4E70-989E-9A2CAD055A04}.Release|Win32.Build.0 = Release|Win32
		{00E86B80-AC77-4B2E-A0B0-0E4E55A7924F}.Debug|Win32.ActiveCfg = Debug|Win32
		{00E86B80-AC77-4B2E-A0B0-0E4E55A7924F}.Debug|Win32.Build.0 = Debug|Win32
		{00E86B80-AC77-4B2E-A0B0-0E4E55A7924F}.Release|Win32.ActiveCfg = Release|Win32
		{00E86B80-AC77-4B2E-A0B0-0E4E55A7924F}.Release|Win32.Build.0 = Release|Win32
		{3E50BAB5-1CCC-4FA0-B7F1-4C47E8CB2443}.Debug|Win32.ActiveCfg = Debug|Win32
		{3E50BAB5-1CCC-4FA0-B7F1-4C47E8CB2443}.Debug|Win32.Build.0 = Debug|Win32
		{3E50BAB5-1CCC-4FA0-B7F1-4C47E8CB2443}.Release|Win32.ActiveCfg = Release|Win32
		{3E50BAB5-1CCC-4FA0-B7F1-4C47E8CB2443}.Release|Win32.Build.0 = Release|Win32
	EndGlobalSection
	GlobalSection(SolutionProperties) = preSolution
		HideSolutionNode = FALSE
	EndGlobalSection
EndGlobal
